
Microsoft Visual Studio Solution File, Format Version 12.00
# Visual Studio 15
Project("{FAE04EC0-301F-11D3-BF4B-00C04F79EFBC}") = "Assembly-CSharp", "Assembly-CSharp.csproj", "{1AB9DF0A-AFCA-9A14-537B-46DA1B65852E}"
EndProject
Project("{FAE04EC0-301F-11D3-BF4B-00C04F79EFBC}") = "AstarPathfindingProject", "AstarPathfindingProject.csproj", "{EB02F532-12E2-907B-F07A-0ADA72E4069F}"
EndProject
Project("{FAE04EC0-301F-11D3-BF4B-00C04F79EFBC}") = "AstarPathfindingProjectEditor", "AstarPathfindingProjectEditor.csproj", "{063B0A9C-99BA-0259-F75B-CEF2937F0140}"
EndProject
Project("{FAE04EC0-301F-11D3-BF4B-00C04F79EFBC}") = "Assembly-CSharp-Editor", "Assembly-CSharp-Editor.csproj", "{E08507C0-991D-E053-1CCB-D5A0A4D0D0A9}"
EndProject
Project("{FAE04EC0-301F-11D3-BF4B-00C04F79EFBC}") = "PackageToolsEditor", "PackageToolsEditor.csproj", "{7D324053-9AFB-727F-B928-307489DE7FBD}"
EndProject
Global
	GlobalSection(SolutionConfigurationPlatforms) = preSolution
		Debug|Any CPU = Debug|Any CPU
		Release|Any CPU = Release|Any CPU
	EndGlobalSection
	GlobalSection(ProjectConfigurationPlatforms) = postSolution
		{1AB9DF0A-AFCA-9A14-537B-46DA1B65852E}.Debug|Any CPU.ActiveCfg = Debug|Any CPU
		{1AB9DF0A-AFCA-9A14-537B-46DA1B65852E}.Debug|Any CPU.Build.0 = Debug|Any CPU
		{1AB9DF0A-AFCA-9A14-537B-46DA1B65852E}.Release|Any CPU.ActiveCfg = Release|Any CPU
		{1AB9DF0A-AFCA-9A14-537B-46DA1B65852E}.Release|Any CPU.Build.0 = Release|Any CPU
		{EB02F532-12E2-907B-F07A-0ADA72E4069F}.Debug|Any CPU.ActiveCfg = Debug|Any CPU
		{EB02F532-12E2-907B-F07A-0ADA72E4069F}.Debug|Any CPU.Build.0 = Debug|Any CPU
		{EB02F532-12E2-907B-F07A-0ADA72E4069F}.Release|Any CPU.ActiveCfg = Release|Any CPU
		{EB02F532-12E2-907B-F07A-0ADA72E4069F}.Release|Any CPU.Build.0 = Release|Any CPU
		{063B0A9C-99BA-0259-F75B-CEF2937F0140}.Debug|Any CPU.ActiveCfg = Debug|Any CPU
		{063B0A9C-99BA-0259-F75B-CEF2937F0140}.Debug|Any CPU.Build.0 = Debug|Any CPU
		{063B0A9C-99BA-0259-F75B-CEF2937F0140}.Release|Any CPU.ActiveCfg = Release|Any CPU
		{063B0A9C-99BA-0259-F75B-CEF2937F0140}.Release|Any CPU.Build.0 = Release|Any CPU
		{E08507C0-991D-E053-1CCB-D5A0A4D0D0A9}.Debug|Any CPU.ActiveCfg = Debug|Any CPU
		{E08507C0-991D-E053-1CCB-D5A0A4D0D0A9}.Debug|Any CPU.Build.0 = Debug|Any CPU
		{E08507C0-991D-E053-1CCB-D5A0A4D0D0A9}.Release|Any CPU.ActiveCfg = Release|Any CPU
		{E08507C0-991D-E053-1CCB-D5A0A4D0D0A9}.Release|Any CPU.Build.0 = Release|Any CPU
		{7D324053-9AFB-727F-B928-307489DE7FBD}.Debug|Any CPU.ActiveCfg = Debug|Any CPU
		{7D324053-9AFB-727F-B928-307489DE7FBD}.Debug|Any CPU.Build.0 = Debug|Any CPU
		{7D324053-9AFB-727F-B928-307489DE7FBD}.Release|Any CPU.ActiveCfg = Release|Any CPU
		{7D324053-9AFB-727F-B928-307489DE7FBD}.Release|Any CPU.Build.0 = Release|Any CPU
	EndGlobalSection
	GlobalSection(SolutionProperties) = preSolution
		HideSolutionNode = FALSE
	EndGlobalSection
EndGlobal
