
Microsoft Visual Studio Solution File, Format Version 12.00
# Visual Studio 15
Project("{FAE04EC0-301F-11D3-BF4B-00C04F79EFBC}") = "Assembly-CSharp", "Assembly-CSharp.csproj", "{138B111C-E287-E496-E4A7-832A3A441CA1}"
EndProject
Project("{FAE04EC0-301F-11D3-BF4B-00C04F79EFBC}") = "AstarPathfindingProject", "AstarPathfindingProject.csproj", "{0521B190-4C59-72F3-978A-4AC736B2672D}"
EndProject
Project("{FAE04EC0-301F-11D3-BF4B-00C04F79EFBC}") = "AstarPathfindingProjectEditor", "AstarPathfindingProjectEditor.csproj", "{5627DB9A-BEEE-97E1-0CD9-51A3958AD39B}"
EndProject
Project("{FAE04EC0-301F-11D3-BF4B-00C04F79EFBC}") = "Assembly-CSharp-Editor", "Assembly-CSharp-Editor.csproj", "{AF994573-AFDA-0FF9-46CC-EADBE943CB28}"
EndProject
Project("{FAE04EC0-301F-11D3-BF4B-00C04F79EFBC}") = "PackageToolsEditor", "PackageToolsEditor.csproj", "{F6305C24-867A-D7B2-ADAC-4D7E95291558}"
EndProject
Global
	GlobalSection(SolutionConfigurationPlatforms) = preSolution
		Debug|Any CPU = Debug|Any CPU
		Release|Any CPU = Release|Any CPU
	EndGlobalSection
	GlobalSection(ProjectConfigurationPlatforms) = postSolution
		{138B111C-E287-E496-E4A7-832A3A441CA1}.Debug|Any CPU.ActiveCfg = Debug|Any CPU
		{138B111C-E287-E496-E4A7-832A3A441CA1}.Debug|Any CPU.Build.0 = Debug|Any CPU
		{138B111C-E287-E496-E4A7-832A3A441CA1}.Release|Any CPU.ActiveCfg = Release|Any CPU
		{138B111C-E287-E496-E4A7-832A3A441CA1}.Release|Any CPU.Build.0 = Release|Any CPU
		{0521B190-4C59-72F3-978A-4AC736B2672D}.Debug|Any CPU.ActiveCfg = Debug|Any CPU
		{0521B190-4C59-72F3-978A-4AC736B2672D}.Debug|Any CPU.Build.0 = Debug|Any CPU
		{0521B190-4C59-72F3-978A-4AC736B2672D}.Release|Any CPU.ActiveCfg = Release|Any CPU
		{0521B190-4C59-72F3-978A-4AC736B2672D}.Release|Any CPU.Build.0 = Release|Any CPU
		{5627DB9A-BEEE-97E1-0CD9-51A3958AD39B}.Debug|Any CPU.ActiveCfg = Debug|Any CPU
		{5627DB9A-BEEE-97E1-0CD9-51A3958AD39B}.Debug|Any CPU.Build.0 = Debug|Any CPU
		{5627DB9A-BEEE-97E1-0CD9-51A3958AD39B}.Release|Any CPU.ActiveCfg = Release|Any CPU
		{5627DB9A-BEEE-97E1-0CD9-51A3958AD39B}.Release|Any CPU.Build.0 = Release|Any CPU
		{AF994573-AFDA-0FF9-46CC-EADBE943CB28}.Debug|Any CPU.ActiveCfg = Debug|Any CPU
		{AF994573-AFDA-0FF9-46CC-EADBE943CB28}.Debug|Any CPU.Build.0 = Debug|Any CPU
		{AF994573-AFDA-0FF9-46CC-EADBE943CB28}.Release|Any CPU.ActiveCfg = Release|Any CPU
		{AF994573-AFDA-0FF9-46CC-EADBE943CB28}.Release|Any CPU.Build.0 = Release|Any CPU
		{F6305C24-867A-D7B2-ADAC-4D7E95291558}.Debug|Any CPU.ActiveCfg = Debug|Any CPU
		{F6305C24-867A-D7B2-ADAC-4D7E95291558}.Debug|Any CPU.Build.0 = Debug|Any CPU
		{F6305C24-867A-D7B2-ADAC-4D7E95291558}.Release|Any CPU.ActiveCfg = Release|Any CPU
		{F6305C24-867A-D7B2-ADAC-4D7E95291558}.Release|Any CPU.Build.0 = Release|Any CPU
	EndGlobalSection
	GlobalSection(SolutionProperties) = preSolution
		HideSolutionNode = FALSE
	EndGlobalSection
EndGlobal
