
Microsoft Visual Studio Solution File, Format Version 12.00
# Visual Studio 15
Project("{FAE04EC0-301F-11D3-BF4B-00C04F79EFBC}") = "Assembly-CSharp", "Assembly-CSharp.csproj", "{CA5F155D-B449-5743-F5E0-A22848A37290}"
EndProject
Project("{FAE04EC0-301F-11D3-BF4B-00C04F79EFBC}") = "AstarPathfindingProject", "AstarPathfindingProject.csproj", "{08D4DAC6-3D5F-7666-ED5E-2DE7209E98F7}"
EndProject
Project("{FAE04EC0-301F-11D3-BF4B-00C04F79EFBC}") = "AstarPathfindingProjectEditor", "AstarPathfindingProjectEditor.csproj", "{B7442DEE-7B7C-9D9C-8AC4-59CAACF133E7}"
EndProject
Project("{FAE04EC0-301F-11D3-BF4B-00C04F79EFBC}") = "Assembly-CSharp-Editor", "Assembly-CSharp-Editor.csproj", "{5494C52F-9BF2-F4FD-0EFA-00A6DF0F598F}"
EndProject
Project("{FAE04EC0-301F-11D3-BF4B-00C04F79EFBC}") = "PackageToolsEditor", "PackageToolsEditor.csproj", "{B3DEE40C-8638-7F31-BB97-CE409EACFA9A}"
EndProject
Global
	GlobalSection(SolutionConfigurationPlatforms) = preSolution
		Debug|Any CPU = Debug|Any CPU
		Release|Any CPU = Release|Any CPU
	EndGlobalSection
	GlobalSection(ProjectConfigurationPlatforms) = postSolution
		{CA5F155D-B449-5743-F5E0-A22848A37290}.Debug|Any CPU.ActiveCfg = Debug|Any CPU
		{CA5F155D-B449-5743-F5E0-A22848A37290}.Debug|Any CPU.Build.0 = Debug|Any CPU
		{CA5F155D-B449-5743-F5E0-A22848A37290}.Release|Any CPU.ActiveCfg = Release|Any CPU
		{CA5F155D-B449-5743-F5E0-A22848A37290}.Release|Any CPU.Build.0 = Release|Any CPU
		{08D4DAC6-3D5F-7666-ED5E-2DE7209E98F7}.Debug|Any CPU.ActiveCfg = Debug|Any CPU
		{08D4DAC6-3D5F-7666-ED5E-2DE7209E98F7}.Debug|Any CPU.Build.0 = Debug|Any CPU
		{08D4DAC6-3D5F-7666-ED5E-2DE7209E98F7}.Release|Any CPU.ActiveCfg = Release|Any CPU
		{08D4DAC6-3D5F-7666-ED5E-2DE7209E98F7}.Release|Any CPU.Build.0 = Release|Any CPU
		{B7442DEE-7B7C-9D9C-8AC4-59CAACF133E7}.Debug|Any CPU.ActiveCfg = Debug|Any CPU
		{B7442DEE-7B7C-9D9C-8AC4-59CAACF133E7}.Debug|Any CPU.Build.0 = Debug|Any CPU
		{B7442DEE-7B7C-9D9C-8AC4-59CAACF133E7}.Release|Any CPU.ActiveCfg = Release|Any CPU
		{B7442DEE-7B7C-9D9C-8AC4-59CAACF133E7}.Release|Any CPU.Build.0 = Release|Any CPU
		{5494C52F-9BF2-F4FD-0EFA-00A6DF0F598F}.Debug|Any CPU.ActiveCfg = Debug|Any CPU
		{5494C52F-9BF2-F4FD-0EFA-00A6DF0F598F}.Debug|Any CPU.Build.0 = Debug|Any CPU
		{5494C52F-9BF2-F4FD-0EFA-00A6DF0F598F}.Release|Any CPU.ActiveCfg = Release|Any CPU
		{5494C52F-9BF2-F4FD-0EFA-00A6DF0F598F}.Release|Any CPU.Build.0 = Release|Any CPU
		{B3DEE40C-8638-7F31-BB97-CE409EACFA9A}.Debug|Any CPU.ActiveCfg = Debug|Any CPU
		{B3DEE40C-8638-7F31-BB97-CE409EACFA9A}.Debug|Any CPU.Build.0 = Debug|Any CPU
		{B3DEE40C-8638-7F31-BB97-CE409EACFA9A}.Release|Any CPU.ActiveCfg = Release|Any CPU
		{B3DEE40C-8638-7F31-BB97-CE409EACFA9A}.Release|Any CPU.Build.0 = Release|Any CPU
	EndGlobalSection
	GlobalSection(SolutionProperties) = preSolution
		HideSolutionNode = FALSE
	EndGlobalSection
EndGlobal
