
Microsoft Visual Studio Solution File, Format Version 12.00
# Visual Studio 15
Project("{FAE04EC0-301F-11D3-BF4B-00C04F79EFBC}") = "Assembly-CSharp", "Assembly-CSharp.csproj", "{FED5A34D-5FC3-254D-3AE2-8F65F4738848}"
EndProject
Project("{FAE04EC0-301F-11D3-BF4B-00C04F79EFBC}") = "Assembly-CSharp-Editor", "Assembly-CSharp-Editor.csproj", "{75111EBB-1E02-3377-77A1-CD86FB6D10B0}"
EndProject
Global
	GlobalSection(SolutionConfigurationPlatforms) = preSolution
		Debug|Any CPU = Debug|Any CPU
		Release|Any CPU = Release|Any CPU
	EndGlobalSection
	GlobalSection(ProjectConfigurationPlatforms) = postSolution
		{FED5A34D-5FC3-254D-3AE2-8F65F4738848}.Debug|Any CPU.ActiveCfg = Debug|Any CPU
		{FED5A34D-5FC3-254D-3AE2-8F65F4738848}.Debug|Any CPU.Build.0 = Debug|Any CPU
		{FED5A34D-5FC3-254D-3AE2-8F65F4738848}.Release|Any CPU.ActiveCfg = Release|Any CPU
		{FED5A34D-5FC3-254D-3AE2-8F65F4738848}.Release|Any CPU.Build.0 = Release|Any CPU
		{75111EBB-1E02-3377-77A1-CD86FB6D10B0}.Debug|Any CPU.ActiveCfg = Debug|Any CPU
		{75111EBB-1E02-3377-77A1-CD86FB6D10B0}.Debug|Any CPU.Build.0 = Debug|Any CPU
		{75111EBB-1E02-3377-77A1-CD86FB6D10B0}.Release|Any CPU.ActiveCfg = Release|Any CPU
		{75111EBB-1E02-3377-77A1-CD86FB6D10B0}.Release|Any CPU.Build.0 = Release|Any CPU
	EndGlobalSection
	GlobalSection(SolutionProperties) = preSolution
		HideSolutionNode = FALSE
	EndGlobalSection
EndGlobal
