
Microsoft Visual Studio Solution File, Format Version 12.00
# Visual Studio 15
Project("{FAE04EC0-301F-11D3-BF4B-00C04F79EFBC}") = "Assembly-CSharp", "Assembly-CSharp.csproj", "{997C5558-DAE8-F757-78DD-4E7E693C3FFF}"
EndProject
Project("{FAE04EC0-301F-11D3-BF4B-00C04F79EFBC}") = "AstarPathfindingProject", "AstarPathfindingProject.csproj", "{518EC89D-1AA9-2AB5-9FDE-AF80109C39EF}"
EndProject
Project("{FAE04EC0-301F-11D3-BF4B-00C04F79EFBC}") = "AstarPathfindingProjectEditor", "AstarPathfindingProjectEditor.csproj", "{500C060E-1C07-1C33-8A08-327A13C84F56}"
EndProject
Project("{FAE04EC0-301F-11D3-BF4B-00C04F79EFBC}") = "Assembly-CSharp-Editor", "Assembly-CSharp-Editor.csproj", "{AF672852-FBAB-B41F-50F5-4D1C3268DAE6}"
EndProject
Project("{FAE04EC0-301F-11D3-BF4B-00C04F79EFBC}") = "PackageToolsEditor", "PackageToolsEditor.csproj", "{716281C0-0B6B-9556-E2F1-735853BB212D}"
EndProject
Global
	GlobalSection(SolutionConfigurationPlatforms) = preSolution
		Debug|Any CPU = Debug|Any CPU
		Release|Any CPU = Release|Any CPU
	EndGlobalSection
	GlobalSection(ProjectConfigurationPlatforms) = postSolution
		{997C5558-DAE8-F757-78DD-4E7E693C3FFF}.Debug|Any CPU.ActiveCfg = Debug|Any CPU
		{997C5558-DAE8-F757-78DD-4E7E693C3FFF}.Debug|Any CPU.Build.0 = Debug|Any CPU
		{997C5558-DAE8-F757-78DD-4E7E693C3FFF}.Release|Any CPU.ActiveCfg = Release|Any CPU
		{997C5558-DAE8-F757-78DD-4E7E693C3FFF}.Release|Any CPU.Build.0 = Release|Any CPU
		{518EC89D-1AA9-2AB5-9FDE-AF80109C39EF}.Debug|Any CPU.ActiveCfg = Debug|Any CPU
		{518EC89D-1AA9-2AB5-9FDE-AF80109C39EF}.Debug|Any CPU.Build.0 = Debug|Any CPU
		{518EC89D-1AA9-2AB5-9FDE-AF80109C39EF}.Release|Any CPU.ActiveCfg = Release|Any CPU
		{518EC89D-1AA9-2AB5-9FDE-AF80109C39EF}.Release|Any CPU.Build.0 = Release|Any CPU
		{500C060E-1C07-1C33-8A08-327A13C84F56}.Debug|Any CPU.ActiveCfg = Debug|Any CPU
		{500C060E-1C07-1C33-8A08-327A13C84F56}.Debug|Any CPU.Build.0 = Debug|Any CPU
		{500C060E-1C07-1C33-8A08-327A13C84F56}.Release|Any CPU.ActiveCfg = Release|Any CPU
		{500C060E-1C07-1C33-8A08-327A13C84F56}.Release|Any CPU.Build.0 = Release|Any CPU
		{AF672852-FBAB-B41F-50F5-4D1C3268DAE6}.Debug|Any CPU.ActiveCfg = Debug|Any CPU
		{AF672852-FBAB-B41F-50F5-4D1C3268DAE6}.Debug|Any CPU.Build.0 = Debug|Any CPU
		{AF672852-FBAB-B41F-50F5-4D1C3268DAE6}.Release|Any CPU.ActiveCfg = Release|Any CPU
		{AF672852-FBAB-B41F-50F5-4D1C3268DAE6}.Release|Any CPU.Build.0 = Release|Any CPU
		{716281C0-0B6B-9556-E2F1-735853BB212D}.Debug|Any CPU.ActiveCfg = Debug|Any CPU
		{716281C0-0B6B-9556-E2F1-735853BB212D}.Debug|Any CPU.Build.0 = Debug|Any CPU
		{716281C0-0B6B-9556-E2F1-735853BB212D}.Release|Any CPU.ActiveCfg = Release|Any CPU
		{716281C0-0B6B-9556-E2F1-735853BB212D}.Release|Any CPU.Build.0 = Release|Any CPU
	EndGlobalSection
	GlobalSection(SolutionProperties) = preSolution
		HideSolutionNode = FALSE
	EndGlobalSection
EndGlobal
